# This file is automatically @generated by Cargo.
# It is not intended for manual editing.
version = 3

[[package]]
name = "bit_field"
version = "0.10.2"
source = "registry+https://github.com/rust-lang/crates.io-index"
checksum = "dc827186963e592360843fb5ba4b973e145841266c1357f7180c43526f2e5b61"

[[package]]
name = "bitflags"
version = "1.3.2"
source = "registry+https://github.com/rust-lang/crates.io-index"
checksum = "bef38d45163c2f1dde094a7dfd33ccf595c92905c8f8f4fdc18d06fb1037718a"

[[package]]
name = "bitflags"
version = "2.4.0"
source = "registry+https://github.com/rust-lang/crates.io-index"
checksum = "b4682ae6287fcf752ecaabbfcc7b6f9b72aa33933dc23a554d853aea8eea8635"

[[package]]
name = "byteorder"
version = "1.5.0"
source = "registry+https://github.com/rust-lang/crates.io-index"
checksum = "1fd0f2584146f6f2ef48085050886acf353beff7305ebd1ae69500e27c67f64b"

[[package]]
name = "hash32"
version = "0.3.1"
source = "registry+https://github.com/rust-lang/crates.io-index"
checksum = "47d60b12902ba28e2730cd37e95b8c9223af2808df9e902d4df49588d1470606"
dependencies = [
 "byteorder",
]

[[package]]
name = "heapless"
version = "0.8.0"
source = "registry+https://github.com/rust-lang/crates.io-index"
checksum = "0bfb9eb618601c89945a70e254898da93b13be0388091d42117462b265bb3fad"
dependencies = [
 "hash32",
 "stable_deref_trait",
]

[[package]]
name = "os"
version = "0.2.0"
dependencies = [
 "bitflags 2.4.0",
 "heapless",
 "pic8259",
 "ps2",
 "x86_64",
]

[[package]]
name = "pic8259"
version = "0.10.4"
source = "registry+https://github.com/rust-lang/crates.io-index"
checksum = "cb844b5b01db1e0b17938685738f113bfc903846f18932b378bc0eabfa40e194"
dependencies = [
 "x86_64",
]

[[package]]
name = "ps2"
version = "0.2.0"
source = "registry+https://github.com/rust-lang/crates.io-index"
checksum = "dfef03bb1362e6a23a211efe8c72e2eeb6888f51fb329cdfa07bb470986ea7d0"
dependencies = [
 "bitflags 1.3.2",
 "x86_64",
]

[[package]]
name = "rustversion"
version = "1.0.14"
source = "registry+https://github.com/rust-lang/crates.io-index"
checksum = "7ffc183a10b4478d04cbbbfc96d0873219d962dd5accaff2ffbd4ceb7df837f4"

[[package]]
name = "stable_deref_trait"
version = "1.2.0"
source = "registry+https://github.com/rust-lang/crates.io-index"
checksum = "a8f112729512f8e442d81f95a8a7ddf2b7c6b8a1a6f509a95864142b30cab2d3"

[[package]]
name = "volatile"
version = "0.4.6"
source = "registry+https://github.com/rust-lang/crates.io-index"
checksum = "442887c63f2c839b346c192d047a7c87e73d0689c9157b00b53dcc27dd5ea793"

[[package]]
name = "x86_64"
version = "0.14.10"
source = "registry+https://github.com/rust-lang/crates.io-index"
checksum = "100555a863c0092238c2e0e814c1096c1e5cf066a309c696a87e907b5f8c5d69"
dependencies = [
 "bit_field",
 "bitflags 1.3.2",
 "rustversion",
 "volatile",
]
